
Microsoft Visual Studio Solution File, Format Version 12.00
# Visual Studio Version 17
VisualStudioVersion = 17.1.32319.34
MinimumVisualStudioVersion = 10.0.40219.1
Project("{FAE04EC0-301F-11D3-BF4B-00C04F79EFBC}") = "DiscordBot", "DiscordBot\DiscordBot.csproj", "{1D62F7EF-3F6E-496D-94EB-16F73D8EB41A}"
EndProject
Global
	GlobalSection(SolutionConfigurationPlatforms) = preSolution
		Debug|Any CPU = Debug|Any CPU
		Release|Any CPU = Release|Any CPU
	EndGlobalSection
	GlobalSection(ProjectConfigurationPlatforms) = postSolution
		{1D62F7EF-3F6E-496D-94EB-16F73D8EB41A}.Debug|Any CPU.ActiveCfg = Debug|Any CPU
		{1D62F7EF-3F6E-496D-94EB-16F73D8EB41A}.Debug|Any CPU.Build.0 = Debug|Any CPU
		{1D62F7EF-3F6E-496D-94EB-16F73D8EB41A}.Release|Any CPU.ActiveCfg = Release|Any CPU
		{1D62F7EF-3F6E-496D-94EB-16F73D8EB41A}.Release|Any CPU.Build.0 = Release|Any CPU
	EndGlobalSection
	GlobalSection(SolutionProperties) = preSolution
		HideSolutionNode = FALSE
	EndGlobalSection
	GlobalSection(ExtensibilityGlobals) = postSolution
		SolutionGuid = {3EEB0F57-9E32-4ED0-86D1-3F3A36E24FF9}
	EndGlobalSection
EndGlobal
